
Microsoft Visual Studio Solution File, Format Version 12.00
# Visual Studio Version 16
VisualStudioVersion = 16.0.31410.357
MinimumVisualStudioVersion = 10.0.40219.1
Project("{2150E333-8FDC-42A3-9474-1A3956D46DE8}") = "Chapter01", "Chapter01", "{44374237-8683-490C-87B8-988C26887627}"
EndProject
Project("{8BC9CEB8-8B4A-11D0-8D11-00A0C91BC942}") = "Pro01_FirstExame", "Chapter01\Pro01_FirstExame\Pro01_FirstExame.vcxproj", "{9DB6A1ED-9E36-48FC-B74C-2BE0AADFA41B}"
EndProject
Project("{2150E333-8FDC-42A3-9474-1A3956D46DE8}") = "Solution Items", "Solution Items", "{D0B4C40B-4C0E-475D-B205-0498BB610628}"
	ProjectSection(SolutionItems) = preProject
		Readme.md = Readme.md
	EndProjectSection
EndProject
Project("{2150E333-8FDC-42A3-9474-1A3956D46DE8}") = "Chapter02", "Chapter02", "{BAACDEB3-8953-40F7-920E-03E74B221BE6}"
EndProject
Project("{8BC9CEB8-8B4A-11D0-8D11-00A0C91BC942}") = "pro_SingleList_Number", "Chapter02\pro_SingleList_Number\pro_SingleList_Number.vcxproj", "{081B18D1-0FC8-49E4-933A-ED3F29EB611D}"
EndProject
Project("{8BC9CEB8-8B4A-11D0-8D11-00A0C91BC942}") = "project_QuanLySinhVien", "Chapter02\project_QuanLySinhVien\project_QuanLySinhVien.vcxproj", "{B13320B8-28C9-4D90-817A-C961F7FA86EB}"
EndProject
Project("{8BC9CEB8-8B4A-11D0-8D11-00A0C91BC942}") = "Project_QuanLySanPham", "Chapter02\Project_QuanLySanPham\Project_QuanLySanPham.vcxproj", "{75841823-82CC-458F-86BA-CD77CD932094}"
EndProject
Project("{8BC9CEB8-8B4A-11D0-8D11-00A0C91BC942}") = "Pro_DanhSachDoi_Number", "Chapter02\Pro_DanhSachDoi_Number\Pro_DanhSachDoi_Number.vcxproj", "{824D58E5-FA37-4548-BA1A-2FAF8C99D1ED}"
EndProject
Project("{2150E333-8FDC-42A3-9474-1A3956D46DE8}") = "Chapter03", "Chapter03", "{0688DB21-52D8-4D7B-9D21-590E244C2C80}"
EndProject
Project("{8BC9CEB8-8B4A-11D0-8D11-00A0C91BC942}") = "ProStack", "Chapter03\ProStack\ProStack.vcxproj", "{4182CE0F-8BF6-4AA5-A51B-BF3AF1E32849}"
EndProject
Project("{8BC9CEB8-8B4A-11D0-8D11-00A0C91BC942}") = "Project_KiemTraBieuThucNgoac", "Chapter03\Project_KiemTraBieuThucNgoac\Project_KiemTraBieuThucNgoac.vcxproj", "{0CA42A9F-9356-4327-8D6D-05430589B085}"
EndProject
Global
	GlobalSection(SolutionConfigurationPlatforms) = preSolution
		Debug|x64 = Debug|x64
		Debug|x86 = Debug|x86
		Release|x64 = Release|x64
		Release|x86 = Release|x86
	EndGlobalSection
	GlobalSection(ProjectConfigurationPlatforms) = postSolution
		{9DB6A1ED-9E36-48FC-B74C-2BE0AADFA41B}.Debug|x64.ActiveCfg = Debug|x64
		{9DB6A1ED-9E36-48FC-B74C-2BE0AADFA41B}.Debug|x64.Build.0 = Debug|x64
		{9DB6A1ED-9E36-48FC-B74C-2BE0AADFA41B}.Debug|x86.ActiveCfg = Debug|Win32
		{9DB6A1ED-9E36-48FC-B74C-2BE0AADFA41B}.Debug|x86.Build.0 = Debug|Win32
		{9DB6A1ED-9E36-48FC-B74C-2BE0AADFA41B}.Release|x64.ActiveCfg = Release|x64
		{9DB6A1ED-9E36-48FC-B74C-2BE0AADFA41B}.Release|x64.Build.0 = Release|x64
		{9DB6A1ED-9E36-48FC-B74C-2BE0AADFA41B}.Release|x86.ActiveCfg = Release|Win32
		{9DB6A1ED-9E36-48FC-B74C-2BE0AADFA41B}.Release|x86.Build.0 = Release|Win32
		{081B18D1-0FC8-49E4-933A-ED3F29EB611D}.Debug|x64.ActiveCfg = Debug|x64
		{081B18D1-0FC8-49E4-933A-ED3F29EB611D}.Debug|x64.Build.0 = Debug|x64
		{081B18D1-0FC8-49E4-933A-ED3F29EB611D}.Debug|x86.ActiveCfg = Debug|Win32
		{081B18D1-0FC8-49E4-933A-ED3F29EB611D}.Debug|x86.Build.0 = Debug|Win32
		{081B18D1-0FC8-49E4-933A-ED3F29EB611D}.Release|x64.ActiveCfg = Release|x64
		{081B18D1-0FC8-49E4-933A-ED3F29EB611D}.Release|x64.Build.0 = Release|x64
		{081B18D1-0FC8-49E4-933A-ED3F29EB611D}.Release|x86.ActiveCfg = Release|Win32
		{081B18D1-0FC8-49E4-933A-ED3F29EB611D}.Release|x86.Build.0 = Release|Win32
		{B13320B8-28C9-4D90-817A-C961F7FA86EB}.Debug|x64.ActiveCfg = Debug|x64
		{B13320B8-28C9-4D90-817A-C961F7FA86EB}.Debug|x64.Build.0 = Debug|x64
		{B13320B8-28C9-4D90-817A-C961F7FA86EB}.Debug|x86.ActiveCfg = Debug|Win32
		{B13320B8-28C9-4D90-817A-C961F7FA86EB}.Debug|x86.Build.0 = Debug|Win32
		{B13320B8-28C9-4D90-817A-C961F7FA86EB}.Release|x64.ActiveCfg = Release|x64
		{B13320B8-28C9-4D90-817A-C961F7FA86EB}.Release|x64.Build.0 = Release|x64
		{B13320B8-28C9-4D90-817A-C961F7FA86EB}.Release|x86.ActiveCfg = Release|Win32
		{B13320B8-28C9-4D90-817A-C961F7FA86EB}.Release|x86.Build.0 = Release|Win32
		{75841823-82CC-458F-86BA-CD77CD932094}.Debug|x64.ActiveCfg = Debug|x64
		{75841823-82CC-458F-86BA-CD77CD932094}.Debug|x64.Build.0 = Debug|x64
		{75841823-82CC-458F-86BA-CD77CD932094}.Debug|x86.ActiveCfg = Debug|Win32
		{75841823-82CC-458F-86BA-CD77CD932094}.Debug|x86.Build.0 = Debug|Win32
		{75841823-82CC-458F-86BA-CD77CD932094}.Release|x64.ActiveCfg = Release|x64
		{75841823-82CC-458F-86BA-CD77CD932094}.Release|x64.Build.0 = Release|x64
		{75841823-82CC-458F-86BA-CD77CD932094}.Release|x86.ActiveCfg = Release|Win32
		{75841823-82CC-458F-86BA-CD77CD932094}.Release|x86.Build.0 = Release|Win32
		{824D58E5-FA37-4548-BA1A-2FAF8C99D1ED}.Debug|x64.ActiveCfg = Debug|x64
		{824D58E5-FA37-4548-BA1A-2FAF8C99D1ED}.Debug|x64.Build.0 = Debug|x64
		{824D58E5-FA37-4548-BA1A-2FAF8C99D1ED}.Debug|x86.ActiveCfg = Debug|Win32
		{824D58E5-FA37-4548-BA1A-2FAF8C99D1ED}.Debug|x86.Build.0 = Debug|Win32
		{824D58E5-FA37-4548-BA1A-2FAF8C99D1ED}.Release|x64.ActiveCfg = Release|x64
		{824D58E5-FA37-4548-BA1A-2FAF8C99D1ED}.Release|x64.Build.0 = Release|x64
		{824D58E5-FA37-4548-BA1A-2FAF8C99D1ED}.Release|x86.ActiveCfg = Release|Win32
		{824D58E5-FA37-4548-BA1A-2FAF8C99D1ED}.Release|x86.Build.0 = Release|Win32
		{4182CE0F-8BF6-4AA5-A51B-BF3AF1E32849}.Debug|x64.ActiveCfg = Debug|x64
		{4182CE0F-8BF6-4AA5-A51B-BF3AF1E32849}.Debug|x64.Build.0 = Debug|x64
		{4182CE0F-8BF6-4AA5-A51B-BF3AF1E32849}.Debug|x86.ActiveCfg = Debug|Win32
		{4182CE0F-8BF6-4AA5-A51B-BF3AF1E32849}.Debug|x86.Build.0 = Debug|Win32
		{4182CE0F-8BF6-4AA5-A51B-BF3AF1E32849}.Release|x64.ActiveCfg = Release|x64
		{4182CE0F-8BF6-4AA5-A51B-BF3AF1E32849}.Release|x64.Build.0 = Release|x64
		{4182CE0F-8BF6-4AA5-A51B-BF3AF1E32849}.Release|x86.ActiveCfg = Release|Win32
		{4182CE0F-8BF6-4AA5-A51B-BF3AF1E32849}.Release|x86.Build.0 = Release|Win32
		{0CA42A9F-9356-4327-8D6D-05430589B085}.Debug|x64.ActiveCfg = Debug|x64
		{0CA42A9F-9356-4327-8D6D-05430589B085}.Debug|x64.Build.0 = Debug|x64
		{0CA42A9F-9356-4327-8D6D-05430589B085}.Debug|x86.ActiveCfg = Debug|Win32
		{0CA42A9F-9356-4327-8D6D-05430589B085}.Debug|x86.Build.0 = Debug|Win32
		{0CA42A9F-9356-4327-8D6D-05430589B085}.Release|x64.ActiveCfg = Release|x64
		{0CA42A9F-9356-4327-8D6D-05430589B085}.Release|x64.Build.0 = Release|x64
		{0CA42A9F-9356-4327-8D6D-05430589B085}.Release|x86.ActiveCfg = Release|Win32
		{0CA42A9F-9356-4327-8D6D-05430589B085}.Release|x86.Build.0 = Release|Win32
	EndGlobalSection
	GlobalSection(SolutionProperties) = preSolution
		HideSolutionNode = FALSE
	EndGlobalSection
	GlobalSection(NestedProjects) = preSolution
		{9DB6A1ED-9E36-48FC-B74C-2BE0AADFA41B} = {44374237-8683-490C-87B8-988C26887627}
		{081B18D1-0FC8-49E4-933A-ED3F29EB611D} = {BAACDEB3-8953-40F7-920E-03E74B221BE6}
		{B13320B8-28C9-4D90-817A-C961F7FA86EB} = {BAACDEB3-8953-40F7-920E-03E74B221BE6}
		{75841823-82CC-458F-86BA-CD77CD932094} = {BAACDEB3-8953-40F7-920E-03E74B221BE6}
		{824D58E5-FA37-4548-BA1A-2FAF8C99D1ED} = {BAACDEB3-8953-40F7-920E-03E74B221BE6}
		{4182CE0F-8BF6-4AA5-A51B-BF3AF1E32849} = {0688DB21-52D8-4D7B-9D21-590E244C2C80}
		{0CA42A9F-9356-4327-8D6D-05430589B085} = {0688DB21-52D8-4D7B-9D21-590E244C2C80}
	EndGlobalSection
	GlobalSection(ExtensibilityGlobals) = postSolution
		SolutionGuid = {2BECD288-4C31-4FD2-96B5-6AB9F852CA92}
	EndGlobalSection
EndGlobal
