
Microsoft Visual Studio Solution File, Format Version 12.00
# Visual Studio Version 17
VisualStudioVersion = 17.0.32014.148
MinimumVisualStudioVersion = 10.0.40219.1
Project("{2150E333-8FDC-42A3-9474-1A3956D46DE8}") = "Chapter01", "Chapter01", "{44374237-8683-490C-87B8-988C26887627}"
EndProject
Project("{8BC9CEB8-8B4A-11D0-8D11-00A0C91BC942}") = "Pro01_FirstExame", "Chapter01\Pro01_FirstExame\Pro01_FirstExame.vcxproj", "{9DB6A1ED-9E36-48FC-B74C-2BE0AADFA41B}"
EndProject
Project("{2150E333-8FDC-42A3-9474-1A3956D46DE8}") = "Solution Items", "Solution Items", "{D0B4C40B-4C0E-475D-B205-0498BB610628}"
	ProjectSection(SolutionItems) = preProject
		Readme.md = Readme.md
	EndProjectSection
EndProject
Project("{2150E333-8FDC-42A3-9474-1A3956D46DE8}") = "Chapter02", "Chapter02", "{BAACDEB3-8953-40F7-920E-03E74B221BE6}"
EndProject
Project("{8BC9CEB8-8B4A-11D0-8D11-00A0C91BC942}") = "pro_SingleList_Number", "Chapter02\pro_SingleList_Number\pro_SingleList_Number.vcxproj", "{081B18D1-0FC8-49E4-933A-ED3F29EB611D}"
EndProject
Project("{8BC9CEB8-8B4A-11D0-8D11-00A0C91BC942}") = "project_QuanLySinhVien", "Chapter02\project_QuanLySinhVien\project_QuanLySinhVien.vcxproj", "{B13320B8-28C9-4D90-817A-C961F7FA86EB}"
EndProject
Project("{8BC9CEB8-8B4A-11D0-8D11-00A0C91BC942}") = "Project_QuanLySanPham", "Chapter02\Project_QuanLySanPham\Project_QuanLySanPham.vcxproj", "{75841823-82CC-458F-86BA-CD77CD932094}"
EndProject
Project("{8BC9CEB8-8B4A-11D0-8D11-00A0C91BC942}") = "Pro_DanhSachDoi_Number", "Chapter02\Pro_DanhSachDoi_Number\Pro_DanhSachDoi_Number.vcxproj", "{824D58E5-FA37-4548-BA1A-2FAF8C99D1ED}"
EndProject
Project("{2150E333-8FDC-42A3-9474-1A3956D46DE8}") = "Chapter03", "Chapter03", "{0688DB21-52D8-4D7B-9D21-590E244C2C80}"
EndProject
Project("{8BC9CEB8-8B4A-11D0-8D11-00A0C91BC942}") = "ProStack", "Chapter03\ProStack\ProStack.vcxproj", "{4182CE0F-8BF6-4AA5-A51B-BF3AF1E32849}"
EndProject
Project("{8BC9CEB8-8B4A-11D0-8D11-00A0C91BC942}") = "Project_KiemTraBieuThucNgoac", "Chapter03\Project_KiemTraBieuThucNgoac\Project_KiemTraBieuThucNgoac.vcxproj", "{0CA42A9F-9356-4327-8D6D-05430589B085}"
EndProject
Project("{8BC9CEB8-8B4A-11D0-8D11-00A0C91BC942}") = "Project_Queue", "Chapter03\Project_Queue\Project_Queue.vcxproj", "{35A9FF19-3E35-4882-8D30-50899FDB2A9F}"
EndProject
Project("{8BC9CEB8-8B4A-11D0-8D11-00A0C91BC942}") = "Project__OnTap", "Chapter02\Project__OnTap\Project__OnTap.vcxproj", "{EC114684-0071-4DBF-9529-5CDE9D40BEC1}"
EndProject
Project("{2150E333-8FDC-42A3-9474-1A3956D46DE8}") = "Chapter04", "Chapter04", "{FCFF96AA-BFD2-44EC-A65E-E15FF4E52477}"
EndProject
Project("{8BC9CEB8-8B4A-11D0-8D11-00A0C91BC942}") = "HashtableProject", "Chapter04\HashtableProject\HashtableProject.vcxproj", "{5C0FDC23-D31A-4205-B3EF-140844AD9A83}"
EndProject
Project("{8BC9CEB8-8B4A-11D0-8D11-00A0C91BC942}") = "CheckExercise", "Chapter04\CheckExercise\CheckExercise.vcxproj", "{09F27650-A6EA-4691-B9E8-AC41FEC3FFBE}"
EndProject
Project("{8BC9CEB8-8B4A-11D0-8D11-00A0C91BC942}") = "pro_Exercise01", "Chapter04\pro_Exercise01\pro_Exercise01.vcxproj", "{4AC13B50-96E2-48AD-BF80-90E0531DA6E0}"
EndProject
Project("{2150E333-8FDC-42A3-9474-1A3956D46DE8}") = "Chapter05", "Chapter05", "{EBE5B0FF-8544-49DB-B78D-8306AC5B1060}"
EndProject
Project("{8BC9CEB8-8B4A-11D0-8D11-00A0C91BC942}") = "Pro_TreeBinary", "Chapter05\Pro_TreeBinary\Pro_TreeBinary.vcxproj", "{AE9702A5-7C2F-44DD-91C7-C8D7B09A9803}"
EndProject
Project("{2150E333-8FDC-42A3-9474-1A3956D46DE8}") = "GiaiBaiKiemTra", "GiaiBaiKiemTra", "{CA589EB1-3645-4DF2-A1ED-7B9E6BF7D2F8}"
EndProject
Project("{8BC9CEB8-8B4A-11D0-8D11-00A0C91BC942}") = "pro_GiaiBaiKiemTraLan01", "GiaiBaiKiemTra\pro_GiaiBaiKiemTraLan01\pro_GiaiBaiKiemTraLan01.vcxproj", "{2D7C8E5F-2227-4289-931F-28A68F57E838}"
EndProject
Project("{2150E333-8FDC-42A3-9474-1A3956D46DE8}") = "Chapter06", "Chapter06", "{248D8A31-C64C-4DD7-863B-9A8455B1D536}"
EndProject
Project("{8BC9CEB8-8B4A-11D0-8D11-00A0C91BC942}") = "Project_TimKiem", "Chapter06\Project_TimKiem\Project_TimKiem.vcxproj", "{174DB59A-AD26-4B13-9DB2-2DBCB3189D3B}"
EndProject
Project("{8BC9CEB8-8B4A-11D0-8D11-00A0C91BC942}") = "Pro_ThuatToanSapXep", "Chapter06\Pro_ThuatToanSapXep\Pro_ThuatToanSapXep.vcxproj", "{279BC5C9-7E77-4E57-88EA-CAE41F17D42E}"
EndProject
Project("{2150E333-8FDC-42A3-9474-1A3956D46DE8}") = "Chapter07", "Chapter07", "{39845C50-62C2-4014-8FCB-FD5C0DC5F12E}"
EndProject
Project("{8BC9CEB8-8B4A-11D0-8D11-00A0C91BC942}") = "ProGeneral", "Chapter07\ProGeneral\ProGeneral.vcxproj", "{CAA85B26-E7A0-43DF-9B40-2E0C5828AE72}"
EndProject
Project("{2150E333-8FDC-42A3-9474-1A3956D46DE8}") = "ProjectOnTap", "ProjectOnTap", "{32350A06-9EA5-441A-BBBC-8E6B1580C88F}"
EndProject
Project("{8BC9CEB8-8B4A-11D0-8D11-00A0C91BC942}") = "ProjectOnTap", "ProjectOnTap\ProjectOnTap\ProjectOnTap.vcxproj", "{FB0AC6F5-6F3A-48DE-B560-E7DE70F22507}"
EndProject
Global
	GlobalSection(SolutionConfigurationPlatforms) = preSolution
		Debug|x64 = Debug|x64
		Debug|x86 = Debug|x86
		Release|x64 = Release|x64
		Release|x86 = Release|x86
	EndGlobalSection
	GlobalSection(ProjectConfigurationPlatforms) = postSolution
		{9DB6A1ED-9E36-48FC-B74C-2BE0AADFA41B}.Debug|x64.ActiveCfg = Debug|x64
		{9DB6A1ED-9E36-48FC-B74C-2BE0AADFA41B}.Debug|x64.Build.0 = Debug|x64
		{9DB6A1ED-9E36-48FC-B74C-2BE0AADFA41B}.Debug|x86.ActiveCfg = Debug|Win32
		{9DB6A1ED-9E36-48FC-B74C-2BE0AADFA41B}.Debug|x86.Build.0 = Debug|Win32
		{9DB6A1ED-9E36-48FC-B74C-2BE0AADFA41B}.Release|x64.ActiveCfg = Release|x64
		{9DB6A1ED-9E36-48FC-B74C-2BE0AADFA41B}.Release|x64.Build.0 = Release|x64
		{9DB6A1ED-9E36-48FC-B74C-2BE0AADFA41B}.Release|x86.ActiveCfg = Release|Win32
		{9DB6A1ED-9E36-48FC-B74C-2BE0AADFA41B}.Release|x86.Build.0 = Release|Win32
		{081B18D1-0FC8-49E4-933A-ED3F29EB611D}.Debug|x64.ActiveCfg = Debug|x64
		{081B18D1-0FC8-49E4-933A-ED3F29EB611D}.Debug|x64.Build.0 = Debug|x64
		{081B18D1-0FC8-49E4-933A-ED3F29EB611D}.Debug|x86.ActiveCfg = Debug|Win32
		{081B18D1-0FC8-49E4-933A-ED3F29EB611D}.Debug|x86.Build.0 = Debug|Win32
		{081B18D1-0FC8-49E4-933A-ED3F29EB611D}.Release|x64.ActiveCfg = Release|x64
		{081B18D1-0FC8-49E4-933A-ED3F29EB611D}.Release|x64.Build.0 = Release|x64
		{081B18D1-0FC8-49E4-933A-ED3F29EB611D}.Release|x86.ActiveCfg = Release|Win32
		{081B18D1-0FC8-49E4-933A-ED3F29EB611D}.Release|x86.Build.0 = Release|Win32
		{B13320B8-28C9-4D90-817A-C961F7FA86EB}.Debug|x64.ActiveCfg = Debug|x64
		{B13320B8-28C9-4D90-817A-C961F7FA86EB}.Debug|x64.Build.0 = Debug|x64
		{B13320B8-28C9-4D90-817A-C961F7FA86EB}.Debug|x86.ActiveCfg = Debug|Win32
		{B13320B8-28C9-4D90-817A-C961F7FA86EB}.Debug|x86.Build.0 = Debug|Win32
		{B13320B8-28C9-4D90-817A-C961F7FA86EB}.Release|x64.ActiveCfg = Release|x64
		{B13320B8-28C9-4D90-817A-C961F7FA86EB}.Release|x64.Build.0 = Release|x64
		{B13320B8-28C9-4D90-817A-C961F7FA86EB}.Release|x86.ActiveCfg = Release|Win32
		{B13320B8-28C9-4D90-817A-C961F7FA86EB}.Release|x86.Build.0 = Release|Win32
		{75841823-82CC-458F-86BA-CD77CD932094}.Debug|x64.ActiveCfg = Debug|x64
		{75841823-82CC-458F-86BA-CD77CD932094}.Debug|x64.Build.0 = Debug|x64
		{75841823-82CC-458F-86BA-CD77CD932094}.Debug|x86.ActiveCfg = Debug|Win32
		{75841823-82CC-458F-86BA-CD77CD932094}.Debug|x86.Build.0 = Debug|Win32
		{75841823-82CC-458F-86BA-CD77CD932094}.Release|x64.ActiveCfg = Release|x64
		{75841823-82CC-458F-86BA-CD77CD932094}.Release|x64.Build.0 = Release|x64
		{75841823-82CC-458F-86BA-CD77CD932094}.Release|x86.ActiveCfg = Release|Win32
		{75841823-82CC-458F-86BA-CD77CD932094}.Release|x86.Build.0 = Release|Win32
		{824D58E5-FA37-4548-BA1A-2FAF8C99D1ED}.Debug|x64.ActiveCfg = Debug|x64
		{824D58E5-FA37-4548-BA1A-2FAF8C99D1ED}.Debug|x64.Build.0 = Debug|x64
		{824D58E5-FA37-4548-BA1A-2FAF8C99D1ED}.Debug|x86.ActiveCfg = Debug|Win32
		{824D58E5-FA37-4548-BA1A-2FAF8C99D1ED}.Debug|x86.Build.0 = Debug|Win32
		{824D58E5-FA37-4548-BA1A-2FAF8C99D1ED}.Release|x64.ActiveCfg = Release|x64
		{824D58E5-FA37-4548-BA1A-2FAF8C99D1ED}.Release|x64.Build.0 = Release|x64
		{824D58E5-FA37-4548-BA1A-2FAF8C99D1ED}.Release|x86.ActiveCfg = Release|Win32
		{824D58E5-FA37-4548-BA1A-2FAF8C99D1ED}.Release|x86.Build.0 = Release|Win32
		{4182CE0F-8BF6-4AA5-A51B-BF3AF1E32849}.Debug|x64.ActiveCfg = Debug|x64
		{4182CE0F-8BF6-4AA5-A51B-BF3AF1E32849}.Debug|x64.Build.0 = Debug|x64
		{4182CE0F-8BF6-4AA5-A51B-BF3AF1E32849}.Debug|x86.ActiveCfg = Debug|Win32
		{4182CE0F-8BF6-4AA5-A51B-BF3AF1E32849}.Debug|x86.Build.0 = Debug|Win32
		{4182CE0F-8BF6-4AA5-A51B-BF3AF1E32849}.Release|x64.ActiveCfg = Release|x64
		{4182CE0F-8BF6-4AA5-A51B-BF3AF1E32849}.Release|x64.Build.0 = Release|x64
		{4182CE0F-8BF6-4AA5-A51B-BF3AF1E32849}.Release|x86.ActiveCfg = Release|Win32
		{4182CE0F-8BF6-4AA5-A51B-BF3AF1E32849}.Release|x86.Build.0 = Release|Win32
		{0CA42A9F-9356-4327-8D6D-05430589B085}.Debug|x64.ActiveCfg = Debug|x64
		{0CA42A9F-9356-4327-8D6D-05430589B085}.Debug|x64.Build.0 = Debug|x64
		{0CA42A9F-9356-4327-8D6D-05430589B085}.Debug|x86.ActiveCfg = Debug|Win32
		{0CA42A9F-9356-4327-8D6D-05430589B085}.Debug|x86.Build.0 = Debug|Win32
		{0CA42A9F-9356-4327-8D6D-05430589B085}.Release|x64.ActiveCfg = Release|x64
		{0CA42A9F-9356-4327-8D6D-05430589B085}.Release|x64.Build.0 = Release|x64
		{0CA42A9F-9356-4327-8D6D-05430589B085}.Release|x86.ActiveCfg = Release|Win32
		{0CA42A9F-9356-4327-8D6D-05430589B085}.Release|x86.Build.0 = Release|Win32
		{35A9FF19-3E35-4882-8D30-50899FDB2A9F}.Debug|x64.ActiveCfg = Debug|x64
		{35A9FF19-3E35-4882-8D30-50899FDB2A9F}.Debug|x64.Build.0 = Debug|x64
		{35A9FF19-3E35-4882-8D30-50899FDB2A9F}.Debug|x86.ActiveCfg = Debug|Win32
		{35A9FF19-3E35-4882-8D30-50899FDB2A9F}.Debug|x86.Build.0 = Debug|Win32
		{35A9FF19-3E35-4882-8D30-50899FDB2A9F}.Release|x64.ActiveCfg = Release|x64
		{35A9FF19-3E35-4882-8D30-50899FDB2A9F}.Release|x64.Build.0 = Release|x64
		{35A9FF19-3E35-4882-8D30-50899FDB2A9F}.Release|x86.ActiveCfg = Release|Win32
		{35A9FF19-3E35-4882-8D30-50899FDB2A9F}.Release|x86.Build.0 = Release|Win32
		{EC114684-0071-4DBF-9529-5CDE9D40BEC1}.Debug|x64.ActiveCfg = Debug|x64
		{EC114684-0071-4DBF-9529-5CDE9D40BEC1}.Debug|x64.Build.0 = Debug|x64
		{EC114684-0071-4DBF-9529-5CDE9D40BEC1}.Debug|x86.ActiveCfg = Debug|Win32
		{EC114684-0071-4DBF-9529-5CDE9D40BEC1}.Debug|x86.Build.0 = Debug|Win32
		{EC114684-0071-4DBF-9529-5CDE9D40BEC1}.Release|x64.ActiveCfg = Release|x64
		{EC114684-0071-4DBF-9529-5CDE9D40BEC1}.Release|x64.Build.0 = Release|x64
		{EC114684-0071-4DBF-9529-5CDE9D40BEC1}.Release|x86.ActiveCfg = Release|Win32
		{EC114684-0071-4DBF-9529-5CDE9D40BEC1}.Release|x86.Build.0 = Release|Win32
		{5C0FDC23-D31A-4205-B3EF-140844AD9A83}.Debug|x64.ActiveCfg = Debug|x64
		{5C0FDC23-D31A-4205-B3EF-140844AD9A83}.Debug|x64.Build.0 = Debug|x64
		{5C0FDC23-D31A-4205-B3EF-140844AD9A83}.Debug|x86.ActiveCfg = Debug|Win32
		{5C0FDC23-D31A-4205-B3EF-140844AD9A83}.Debug|x86.Build.0 = Debug|Win32
		{5C0FDC23-D31A-4205-B3EF-140844AD9A83}.Release|x64.ActiveCfg = Release|x64
		{5C0FDC23-D31A-4205-B3EF-140844AD9A83}.Release|x64.Build.0 = Release|x64
		{5C0FDC23-D31A-4205-B3EF-140844AD9A83}.Release|x86.ActiveCfg = Release|Win32
		{5C0FDC23-D31A-4205-B3EF-140844AD9A83}.Release|x86.Build.0 = Release|Win32
		{09F27650-A6EA-4691-B9E8-AC41FEC3FFBE}.Debug|x64.ActiveCfg = Debug|x64
		{09F27650-A6EA-4691-B9E8-AC41FEC3FFBE}.Debug|x64.Build.0 = Debug|x64
		{09F27650-A6EA-4691-B9E8-AC41FEC3FFBE}.Debug|x86.ActiveCfg = Debug|Win32
		{09F27650-A6EA-4691-B9E8-AC41FEC3FFBE}.Debug|x86.Build.0 = Debug|Win32
		{09F27650-A6EA-4691-B9E8-AC41FEC3FFBE}.Release|x64.ActiveCfg = Release|x64
		{09F27650-A6EA-4691-B9E8-AC41FEC3FFBE}.Release|x64.Build.0 = Release|x64
		{09F27650-A6EA-4691-B9E8-AC41FEC3FFBE}.Release|x86.ActiveCfg = Release|Win32
		{09F27650-A6EA-4691-B9E8-AC41FEC3FFBE}.Release|x86.Build.0 = Release|Win32
		{4AC13B50-96E2-48AD-BF80-90E0531DA6E0}.Debug|x64.ActiveCfg = Debug|x64
		{4AC13B50-96E2-48AD-BF80-90E0531DA6E0}.Debug|x64.Build.0 = Debug|x64
		{4AC13B50-96E2-48AD-BF80-90E0531DA6E0}.Debug|x86.ActiveCfg = Debug|Win32
		{4AC13B50-96E2-48AD-BF80-90E0531DA6E0}.Debug|x86.Build.0 = Debug|Win32
		{4AC13B50-96E2-48AD-BF80-90E0531DA6E0}.Release|x64.ActiveCfg = Release|x64
		{4AC13B50-96E2-48AD-BF80-90E0531DA6E0}.Release|x64.Build.0 = Release|x64
		{4AC13B50-96E2-48AD-BF80-90E0531DA6E0}.Release|x86.ActiveCfg = Release|Win32
		{4AC13B50-96E2-48AD-BF80-90E0531DA6E0}.Release|x86.Build.0 = Release|Win32
		{AE9702A5-7C2F-44DD-91C7-C8D7B09A9803}.Debug|x64.ActiveCfg = Debug|x64
		{AE9702A5-7C2F-44DD-91C7-C8D7B09A9803}.Debug|x64.Build.0 = Debug|x64
		{AE9702A5-7C2F-44DD-91C7-C8D7B09A9803}.Debug|x86.ActiveCfg = Debug|Win32
		{AE9702A5-7C2F-44DD-91C7-C8D7B09A9803}.Debug|x86.Build.0 = Debug|Win32
		{AE9702A5-7C2F-44DD-91C7-C8D7B09A9803}.Release|x64.ActiveCfg = Release|x64
		{AE9702A5-7C2F-44DD-91C7-C8D7B09A9803}.Release|x64.Build.0 = Release|x64
		{AE9702A5-7C2F-44DD-91C7-C8D7B09A9803}.Release|x86.ActiveCfg = Release|Win32
		{AE9702A5-7C2F-44DD-91C7-C8D7B09A9803}.Release|x86.Build.0 = Release|Win32
		{2D7C8E5F-2227-4289-931F-28A68F57E838}.Debug|x64.ActiveCfg = Debug|x64
		{2D7C8E5F-2227-4289-931F-28A68F57E838}.Debug|x64.Build.0 = Debug|x64
		{2D7C8E5F-2227-4289-931F-28A68F57E838}.Debug|x86.ActiveCfg = Debug|Win32
		{2D7C8E5F-2227-4289-931F-28A68F57E838}.Debug|x86.Build.0 = Debug|Win32
		{2D7C8E5F-2227-4289-931F-28A68F57E838}.Release|x64.ActiveCfg = Release|x64
		{2D7C8E5F-2227-4289-931F-28A68F57E838}.Release|x64.Build.0 = Release|x64
		{2D7C8E5F-2227-4289-931F-28A68F57E838}.Release|x86.ActiveCfg = Release|Win32
		{2D7C8E5F-2227-4289-931F-28A68F57E838}.Release|x86.Build.0 = Release|Win32
		{174DB59A-AD26-4B13-9DB2-2DBCB3189D3B}.Debug|x64.ActiveCfg = Debug|x64
		{174DB59A-AD26-4B13-9DB2-2DBCB3189D3B}.Debug|x64.Build.0 = Debug|x64
		{174DB59A-AD26-4B13-9DB2-2DBCB3189D3B}.Debug|x86.ActiveCfg = Debug|Win32
		{174DB59A-AD26-4B13-9DB2-2DBCB3189D3B}.Debug|x86.Build.0 = Debug|Win32
		{174DB59A-AD26-4B13-9DB2-2DBCB3189D3B}.Release|x64.ActiveCfg = Release|x64
		{174DB59A-AD26-4B13-9DB2-2DBCB3189D3B}.Release|x64.Build.0 = Release|x64
		{174DB59A-AD26-4B13-9DB2-2DBCB3189D3B}.Release|x86.ActiveCfg = Release|Win32
		{174DB59A-AD26-4B13-9DB2-2DBCB3189D3B}.Release|x86.Build.0 = Release|Win32
		{279BC5C9-7E77-4E57-88EA-CAE41F17D42E}.Debug|x64.ActiveCfg = Debug|x64
		{279BC5C9-7E77-4E57-88EA-CAE41F17D42E}.Debug|x64.Build.0 = Debug|x64
		{279BC5C9-7E77-4E57-88EA-CAE41F17D42E}.Debug|x86.ActiveCfg = Debug|Win32
		{279BC5C9-7E77-4E57-88EA-CAE41F17D42E}.Debug|x86.Build.0 = Debug|Win32
		{279BC5C9-7E77-4E57-88EA-CAE41F17D42E}.Release|x64.ActiveCfg = Release|x64
		{279BC5C9-7E77-4E57-88EA-CAE41F17D42E}.Release|x64.Build.0 = Release|x64
		{279BC5C9-7E77-4E57-88EA-CAE41F17D42E}.Release|x86.ActiveCfg = Release|Win32
		{279BC5C9-7E77-4E57-88EA-CAE41F17D42E}.Release|x86.Build.0 = Release|Win32
		{CAA85B26-E7A0-43DF-9B40-2E0C5828AE72}.Debug|x64.ActiveCfg = Debug|x64
		{CAA85B26-E7A0-43DF-9B40-2E0C5828AE72}.Debug|x64.Build.0 = Debug|x64
		{CAA85B26-E7A0-43DF-9B40-2E0C5828AE72}.Debug|x86.ActiveCfg = Debug|Win32
		{CAA85B26-E7A0-43DF-9B40-2E0C5828AE72}.Debug|x86.Build.0 = Debug|Win32
		{CAA85B26-E7A0-43DF-9B40-2E0C5828AE72}.Release|x64.ActiveCfg = Release|x64
		{CAA85B26-E7A0-43DF-9B40-2E0C5828AE72}.Release|x64.Build.0 = Release|x64
		{CAA85B26-E7A0-43DF-9B40-2E0C5828AE72}.Release|x86.ActiveCfg = Release|Win32
		{CAA85B26-E7A0-43DF-9B40-2E0C5828AE72}.Release|x86.Build.0 = Release|Win32
		{FB0AC6F5-6F3A-48DE-B560-E7DE70F22507}.Debug|x64.ActiveCfg = Debug|x64
		{FB0AC6F5-6F3A-48DE-B560-E7DE70F22507}.Debug|x64.Build.0 = Debug|x64
		{FB0AC6F5-6F3A-48DE-B560-E7DE70F22507}.Debug|x86.ActiveCfg = Debug|Win32
		{FB0AC6F5-6F3A-48DE-B560-E7DE70F22507}.Debug|x86.Build.0 = Debug|Win32
		{FB0AC6F5-6F3A-48DE-B560-E7DE70F22507}.Release|x64.ActiveCfg = Release|x64
		{FB0AC6F5-6F3A-48DE-B560-E7DE70F22507}.Release|x64.Build.0 = Release|x64
		{FB0AC6F5-6F3A-48DE-B560-E7DE70F22507}.Release|x86.ActiveCfg = Release|Win32
		{FB0AC6F5-6F3A-48DE-B560-E7DE70F22507}.Release|x86.Build.0 = Release|Win32
	EndGlobalSection
	GlobalSection(SolutionProperties) = preSolution
		HideSolutionNode = FALSE
	EndGlobalSection
	GlobalSection(NestedProjects) = preSolution
		{9DB6A1ED-9E36-48FC-B74C-2BE0AADFA41B} = {44374237-8683-490C-87B8-988C26887627}
		{081B18D1-0FC8-49E4-933A-ED3F29EB611D} = {BAACDEB3-8953-40F7-920E-03E74B221BE6}
		{B13320B8-28C9-4D90-817A-C961F7FA86EB} = {BAACDEB3-8953-40F7-920E-03E74B221BE6}
		{75841823-82CC-458F-86BA-CD77CD932094} = {BAACDEB3-8953-40F7-920E-03E74B221BE6}
		{824D58E5-FA37-4548-BA1A-2FAF8C99D1ED} = {BAACDEB3-8953-40F7-920E-03E74B221BE6}
		{4182CE0F-8BF6-4AA5-A51B-BF3AF1E32849} = {0688DB21-52D8-4D7B-9D21-590E244C2C80}
		{0CA42A9F-9356-4327-8D6D-05430589B085} = {0688DB21-52D8-4D7B-9D21-590E244C2C80}
		{35A9FF19-3E35-4882-8D30-50899FDB2A9F} = {0688DB21-52D8-4D7B-9D21-590E244C2C80}
		{EC114684-0071-4DBF-9529-5CDE9D40BEC1} = {BAACDEB3-8953-40F7-920E-03E74B221BE6}
		{5C0FDC23-D31A-4205-B3EF-140844AD9A83} = {FCFF96AA-BFD2-44EC-A65E-E15FF4E52477}
		{09F27650-A6EA-4691-B9E8-AC41FEC3FFBE} = {FCFF96AA-BFD2-44EC-A65E-E15FF4E52477}
		{4AC13B50-96E2-48AD-BF80-90E0531DA6E0} = {FCFF96AA-BFD2-44EC-A65E-E15FF4E52477}
		{AE9702A5-7C2F-44DD-91C7-C8D7B09A9803} = {EBE5B0FF-8544-49DB-B78D-8306AC5B1060}
		{2D7C8E5F-2227-4289-931F-28A68F57E838} = {CA589EB1-3645-4DF2-A1ED-7B9E6BF7D2F8}
		{174DB59A-AD26-4B13-9DB2-2DBCB3189D3B} = {248D8A31-C64C-4DD7-863B-9A8455B1D536}
		{279BC5C9-7E77-4E57-88EA-CAE41F17D42E} = {248D8A31-C64C-4DD7-863B-9A8455B1D536}
		{CAA85B26-E7A0-43DF-9B40-2E0C5828AE72} = {39845C50-62C2-4014-8FCB-FD5C0DC5F12E}
		{FB0AC6F5-6F3A-48DE-B560-E7DE70F22507} = {32350A06-9EA5-441A-BBBC-8E6B1580C88F}
	EndGlobalSection
	GlobalSection(ExtensibilityGlobals) = postSolution
		SolutionGuid = {2BECD288-4C31-4FD2-96B5-6AB9F852CA92}
	EndGlobalSection
EndGlobal
